// !$*UTF8*$!
{
	archiveVersion = 1;
	classes = {
	};
	objectVersion = 46;
	objects = {

/* Begin PBXBuildFile section */
		155F19D31D18B0CF0003C9FA /* PhotoFeedViewController.swift in Sources */ = {isa = PBXBuildFile; fileRef = 155F19D21D18B0CF0003C9FA /* PhotoFeedViewController.swift */; };
		155F19D51D19F21D0003C9FA /* ChoosePhotoViewController.swift in Sources */ = {isa = PBXBuildFile; fileRef = 155F19D41D19F21D0003C9FA /* ChoosePhotoViewController.swift */; };
		15845EF41D1B3BD100C507AD /* PostTableViewCell.swift in Sources */ = {isa = PBXBuildFile; fileRef = 15845EF31D1B3BD100C507AD /* PostTableViewCell.swift */; };
		15845EF61D1B3F4600C507AD /* heart_icon.png in Resources */ = {isa = PBXBuildFile; fileRef = 15845EF51D1B3F4600C507AD /* heart_icon.png */; };
		15845EFA1D1B56BC00C507AD /* user.png in Resources */ = {isa = PBXBuildFile; fileRef = 15845EF91D1B56BC00C507AD /* user.png */; };
		15B926251D18901B00199E21 /* AppDelegate.swift in Sources */ = {isa = PBXBuildFile; fileRef = 15B926241D18901B00199E21 /* AppDelegate.swift */; };
		15B926271D18901B00199E21 /* ViewController.swift in Sources */ = {isa = PBXBuildFile; fileRef = 15B926261D18901B00199E21 /* ViewController.swift */; };
		15B9262A1D18901B00199E21 /* Main.storyboard in Resources */ = {isa = PBXBuildFile; fileRef = 15B926281D18901B00199E21 /* Main.storyboard */; };
		15B9262C1D18901B00199E21 /* Assets.xcassets in Resources */ = {isa = PBXBuildFile; fileRef = 15B9262B1D18901B00199E21 /* Assets.xcassets */; };
		15B9262F1D18901B00199E21 /* LaunchScreen.storyboard in Resources */ = {isa = PBXBuildFile; fileRef = 15B9262D1D18901B00199E21 /* LaunchScreen.storyboard */; };
		15B926371D18954300199E21 /* LoginViewController.swift in Sources */ = {isa = PBXBuildFile; fileRef = 15B926361D18954300199E21 /* LoginViewController.swift */; };
		15BCB08E1D1A104800DED078 /* Post.swift in Sources */ = {isa = PBXBuildFile; fileRef = 15BCB08D1D1A104800DED078 /* Post.swift */; };
		15BCB0901D1A152500DED078 /* Assets.xcassets in Resources */ = {isa = PBXBuildFile; fileRef = 15BCB08F1D1A152500DED078 /* Assets.xcassets */; };
		15BCB0921D1A153200DED078 /* InstaParse.jpg in Resources */ = {isa = PBXBuildFile; fileRef = 15BCB0911D1A153200DED078 /* InstaParse.jpg */; };
		5FEC5B3D802C6220E6B78A62 /* Pods_InstaParse.framework in Frameworks */ = {isa = PBXBuildFile; fileRef = B1AF1A21208161AA36035090 /* Pods_InstaParse.framework */; };
/* End PBXBuildFile section */

/* Begin PBXFileReference section */
		155F19D21D18B0CF0003C9FA /* PhotoFeedViewController.swift */ = {isa = PBXFileReference; fileEncoding = 4; lastKnownFileType = sourcecode.swift; path = PhotoFeedViewController.swift; sourceTree = "<group>"; };
		155F19D41D19F21D0003C9FA /* ChoosePhotoViewController.swift */ = {isa = PBXFileReference; fileEncoding = 4; lastKnownFileType = sourcecode.swift; path = ChoosePhotoViewController.swift; sourceTree = "<group>"; };
		15845EF31D1B3BD100C507AD /* PostTableViewCell.swift */ = {isa = PBXFileReference; fileEncoding = 4; lastKnownFileType = sourcecode.swift; path = PostTableViewCell.swift; sourceTree = "<group>"; };
		15845EF51D1B3F4600C507AD /* heart_icon.png */ = {isa = PBXFileReference; lastKnownFileType = image.png; name = heart_icon.png; path = ../../../Desktop/heart_icon.png; sourceTree = "<group>"; };
		15845EF91D1B56BC00C507AD /* user.png */ = {isa = PBXFileReference; lastKnownFileType = image.png; path = user.png; sourceTree = "<group>"; };
		15B926211D18901B00199E21 /* InstaParse.app */ = {isa = PBXFileReference; explicitFileType = wrapper.application; includeInIndex = 0; path = InstaParse.app; sourceTree = BUILT_PRODUCTS_DIR; };
		15B926241D18901B00199E21 /* AppDelegate.swift */ = {isa = PBXFileReference; lastKnownFileType = sourcecode.swift; path = AppDelegate.swift; sourceTree = "<group>"; };
		15B926261D18901B00199E21 /* ViewController.swift */ = {isa = PBXFileReference; lastKnownFileType = sourcecode.swift; path = ViewController.swift; sourceTree = "<group>"; };
		15B926291D18901B00199E21 /* Base */ = {isa = PBXFileReference; lastKnownFileType = file.storyboard; name = Base; path = Base.lproj/Main.storyboard; sourceTree = "<group>"; };
		15B9262B1D18901B00199E21 /* Assets.xcassets */ = {isa = PBXFileReference; lastKnownFileType = folder.assetcatalog; path = Assets.xcassets; sourceTree = "<group>"; };
		15B9262E1D18901B00199E21 /* Base */ = {isa = PBXFileReference; lastKnownFileType = file.storyboard; name = Base; path = Base.lproj/LaunchScreen.storyboard; sourceTree = "<group>"; };
		15B926301D18901B00199E21 /* Info.plist */ = {isa = PBXFileReference; lastKnownFileType = text.plist.xml; path = Info.plist; sourceTree = "<group>"; };
		15B926361D18954300199E21 /* LoginViewController.swift */ = {isa = PBXFileReference; fileEncoding = 4; lastKnownFileType = sourcecode.swift; path = LoginViewController.swift; sourceTree = "<group>"; };
		15BCB08D1D1A104800DED078 /* Post.swift */ = {isa = PBXFileReference; fileEncoding = 4; lastKnownFileType = sourcecode.swift; path = Post.swift; sourceTree = "<group>"; };
		15BCB08F1D1A152500DED078 /* Assets.xcassets */ = {isa = PBXFileReference; lastKnownFileType = folder.assetcatalog; path = Assets.xcassets; sourceTree = "<group>"; };
		15BCB0911D1A153200DED078 /* InstaParse.jpg */ = {isa = PBXFileReference; lastKnownFileType = image.jpeg; name = InstaParse.jpg; path = Assets.xcassets/InstaParse.jpg; sourceTree = "<group>"; };
		3A62F90F23084E64A3096586 /* Pods-InstaParse.debug.xcconfig */ = {isa = PBXFileReference; includeInIndex = 1; lastKnownFileType = text.xcconfig; name = "Pods-InstaParse.debug.xcconfig"; path = "Pods/Target Support Files/Pods-InstaParse/Pods-InstaParse.debug.xcconfig"; sourceTree = "<group>"; };
		B1AF1A21208161AA36035090 /* Pods_InstaParse.framework */ = {isa = PBXFileReference; explicitFileType = wrapper.framework; includeInIndex = 0; path = Pods_InstaParse.framework; sourceTree = BUILT_PRODUCTS_DIR; };
		DB479D5EA7F0178A5B491E3C /* Pods-InstaParse.release.xcconfig */ = {isa = PBXFileReference; includeInIndex = 1; lastKnownFileType = text.xcconfig; name = "Pods-InstaParse.release.xcconfig"; path = "Pods/Target Support Files/Pods-InstaParse/Pods-InstaParse.release.xcconfig"; sourceTree = "<group>"; };
/* End PBXFileReference section */

/* Begin PBXFrameworksBuildPhase section */
		15B9261E1D18901B00199E21 /* Frameworks */ = {
			isa = PBXFrameworksBuildPhase;
			buildActionMask = 2147483647;
			files = (
				5FEC5B3D802C6220E6B78A62 /* Pods_InstaParse.framework in Frameworks */,
			);
			runOnlyForDeploymentPostprocessing = 0;
		};
/* End PBXFrameworksBuildPhase section */

/* Begin PBXGroup section */
		0C708704938951BF2B4D4F58 /* Pods */ = {
			isa = PBXGroup;
			children = (
				3A62F90F23084E64A3096586 /* Pods-InstaParse.debug.xcconfig */,
				DB479D5EA7F0178A5B491E3C /* Pods-InstaParse.release.xcconfig */,
			);
			name = Pods;
			sourceTree = "<group>";
		};
		15B926181D18901B00199E21 = {
			isa = PBXGroup;
			children = (
				15B926231D18901B00199E21 /* InstaParse */,
				15B926221D18901B00199E21 /* Products */,
				0C708704938951BF2B4D4F58 /* Pods */,
				8D743468A72CFBB859C0D84F /* Frameworks */,
			);
			sourceTree = "<group>";
		};
		15B926221D18901B00199E21 /* Products */ = {
			isa = PBXGroup;
			children = (
				15B926211D18901B00199E21 /* InstaParse.app */,
			);
			name = Products;
			sourceTree = "<group>";
		};
		15B926231D18901B00199E21 /* InstaParse */ = {
			isa = PBXGroup;
			children = (
				15BCB0911D1A153200DED078 /* InstaParse.jpg */,
				15BCB08F1D1A152500DED078 /* Assets.xcassets */,
				15B926241D18901B00199E21 /* AppDelegate.swift */,
				15B926261D18901B00199E21 /* ViewController.swift */,
				15B926281D18901B00199E21 /* Main.storyboard */,
				15845EF91D1B56BC00C507AD /* user.png */,
				15B9262B1D18901B00199E21 /* Assets.xcassets */,
				15B9262D1D18901B00199E21 /* LaunchScreen.storyboard */,
				15B926301D18901B00199E21 /* Info.plist */,
				15B926361D18954300199E21 /* LoginViewController.swift */,
				155F19D21D18B0CF0003C9FA /* PhotoFeedViewController.swift */,
				155F19D41D19F21D0003C9FA /* ChoosePhotoViewController.swift */,
				15BCB08D1D1A104800DED078 /* Post.swift */,
				15845EF31D1B3BD100C507AD /* PostTableViewCell.swift */,
				15845EF51D1B3F4600C507AD /* heart_icon.png */,
			);
			path = InstaParse;
			sourceTree = "<group>";
		};
		8D743468A72CFBB859C0D84F /* Frameworks */ = {
			isa = PBXGroup;
			children = (
				B1AF1A21208161AA36035090 /* Pods_InstaParse.framework */,
			);
			name = Frameworks;
			sourceTree = "<group>";
		};
/* End PBXGroup section */

/* Begin PBXNativeTarget section */
		15B926201D18901B00199E21 /* InstaParse */ = {
			isa = PBXNativeTarget;
			buildConfigurationList = 15B926331D18901B00199E21 /* Build configuration list for PBXNativeTarget "InstaParse" */;
			buildPhases = (
				AE29C6C9D9B55022D539CEB3 /* [CP] Check Pods Manifest.lock */,
				15B9261D1D18901B00199E21 /* Sources */,
				15B9261E1D18901B00199E21 /* Frameworks */,
				15B9261F1D18901B00199E21 /* Resources */,
				2D0AAE3181953218942F057A /* [CP] Embed Pods Frameworks */,
				2677717E827ACD22DEF2C26C /* [CP] Copy Pods Resources */,
			);
			buildRules = (
			);
			dependencies = (
			);
			name = InstaParse;
			productName = InstaParse;
			productReference = 15B926211D18901B00199E21 /* InstaParse.app */;
			productType = "com.apple.product-type.application";
		};
/* End PBXNativeTarget section */

/* Begin PBXProject section */
		15B926191D18901B00199E21 /* Project object */ = {
			isa = PBXProject;
			attributes = {
				LastSwiftUpdateCheck = 0730;
				LastUpgradeCheck = 0730;
				ORGANIZATIONNAME = "David Melvin";
				TargetAttributes = {
					15B926201D18901B00199E21 = {
						CreatedOnToolsVersion = 7.3.1;
					};
				};
			};
			buildConfigurationList = 15B9261C1D18901B00199E21 /* Build configuration list for PBXProject "InstaParse" */;
			compatibilityVersion = "Xcode 3.2";
			developmentRegion = English;
			hasScannedForEncodings = 0;
			knownRegions = (
				en,
				Base,
			);
			mainGroup = 15B926181D18901B00199E21;
			productRefGroup = 15B926221D18901B00199E21 /* Products */;
			projectDirPath = "";
			projectRoot = "";
			targets = (
				15B926201D18901B00199E21 /* InstaParse */,
			);
		};
/* End PBXProject section */

/* Begin PBXResourcesBuildPhase section */
		15B9261F1D18901B00199E21 /* Resources */ = {
			isa = PBXResourcesBuildPhase;
			buildActionMask = 2147483647;
			files = (
				15B9262F1D18901B00199E21 /* LaunchScreen.storyboard in Resources */,
				15B9262C1D18901B00199E21 /* Assets.xcassets in Resources */,
				15BCB0901D1A152500DED078 /* Assets.xcassets in Resources */,
				15845EF61D1B3F4600C507AD /* heart_icon.png in Resources */,
				15845EFA1D1B56BC00C507AD /* user.png in Resources */,
				15B9262A1D18901B00199E21 /* Main.storyboard in Resources */,
				15BCB0921D1A153200DED078 /* InstaParse.jpg in Resources */,
			);
			runOnlyForDeploymentPostprocessing = 0;
		};
/* End PBXResourcesBuildPhase section */

/* Begin PBXShellScriptBuildPhase section */
		2677717E827ACD22DEF2C26C /* [CP] Copy Pods Resources */ = {
			isa = PBXShellScriptBuildPhase;
			buildActionMask = 2147483647;
			files = (
			);
			inputPaths = (
			);
			name = "[CP] Copy Pods Resources";
			outputPaths = (
			);
			runOnlyForDeploymentPostprocessing = 0;
			shellPath = /bin/sh;
			shellScript = "\"${SRCROOT}/Pods/Target Support Files/Pods-InstaParse/Pods-InstaParse-resources.sh\"\n";
			showEnvVarsInLog = 0;
		};
		2D0AAE3181953218942F057A /* [CP] Embed Pods Frameworks */ = {
			isa = PBXShellScriptBuildPhase;
			buildActionMask = 2147483647;
			files = (
			);
			inputPaths = (
			);
			name = "[CP] Embed Pods Frameworks";
			outputPaths = (
			);
			runOnlyForDeploymentPostprocessing = 0;
			shellPath = /bin/sh;
			shellScript = "\"${SRCROOT}/Pods/Target Support Files/Pods-InstaParse/Pods-InstaParse-frameworks.sh\"\n";
			showEnvVarsInLog = 0;
		};
		AE29C6C9D9B55022D539CEB3 /* [CP] Check Pods Manifest.lock */ = {
			isa = PBXShellScriptBuildPhase;
			buildActionMask = 2147483647;
			files = (
			);
			inputPaths = (
			);
			name = "[CP] Check Pods Manifest.lock";
			outputPaths = (
			);
			runOnlyForDeploymentPostprocessing = 0;
			shellPath = /bin/sh;
			shellScript = "diff \"${PODS_ROOT}/../Podfile.lock\" \"${PODS_ROOT}/Manifest.lock\" > /dev/null\nif [[ $? != 0 ]] ; then\n    cat << EOM\nerror: The sandbox is not in sync with the Podfile.lock. Run 'pod install' or update your CocoaPods installation.\nEOM\n    exit 1\nfi\n";
			showEnvVarsInLog = 0;
		};
/* End PBXShellScriptBuildPhase section */

/* Begin PBXSourcesBuildPhase section */
		15B9261D1D18901B00199E21 /* Sources */ = {
			isa = PBXSourcesBuildPhase;
			buildActionMask = 2147483647;
			files = (
				15845EF41D1B3BD100C507AD /* PostTableViewCell.swift in Sources */,
				155F19D51D19F21D0003C9FA /* ChoosePhotoViewController.swift in Sources */,
				15B926371D18954300199E21 /* LoginViewController.swift in Sources */,
				155F19D31D18B0CF0003C9FA /* PhotoFeedViewController.swift in Sources */,
				15BCB08E1D1A104800DED078 /* Post.swift in Sources */,
				15B926271D18901B00199E21 /* ViewController.swift in Sources */,
				15B926251D18901B00199E21 /* AppDelegate.swift in Sources */,
			);
			runOnlyForDeploymentPostprocessing = 0;
		};
/* End PBXSourcesBuildPhase section */

/* Begin PBXVariantGroup section */
		15B926281D18901B00199E21 /* Main.storyboard */ = {
			isa = PBXVariantGroup;
			children = (
				15B926291D18901B00199E21 /* Base */,
			);
			name = Main.storyboard;
			sourceTree = "<group>";
		};
		15B9262D1D18901B00199E21 /* LaunchScreen.storyboard */ = {
			isa = PBXVariantGroup;
			children = (
				15B9262E1D18901B00199E21 /* Base */,
			);
			name = LaunchScreen.storyboard;
			sourceTree = "<group>";
		};
/* End PBXVariantGroup section */

/* Begin XCBuildConfiguration section */
		15B926311D18901B00199E21 /* Debug */ = {
			isa = XCBuildConfiguration;
			buildSettings = {
				ALWAYS_SEARCH_USER_PATHS = NO;
				CLANG_ANALYZER_NONNULL = YES;
				CLANG_CXX_LANGUAGE_STANDARD = "gnu++0x";
				CLANG_CXX_LIBRARY = "libc++";
				CLANG_ENABLE_MODULES = YES;
				CLANG_ENABLE_OBJC_ARC = YES;
				CLANG_WARN_BOOL_CONVERSION = YES;
				CLANG_WARN_CONSTANT_CONVERSION = YES;
				CLANG_WARN_DIRECT_OBJC_ISA_USAGE = YES_ERROR;
				CLANG_WARN_EMPTY_BODY = YES;
				CLANG_WARN_ENUM_CONVERSION = YES;
				CLANG_WARN_INT_CONVERSION = YES;
				CLANG_WARN_OBJC_ROOT_CLASS = YES_ERROR;
				CLANG_WARN_UNREACHABLE_CODE = YES;
				CLANG_WARN__DUPLICATE_METHOD_MATCH = YES;
				"CODE_SIGN_IDENTITY[sdk=iphoneos*]" = "iPhone Developer";
				COPY_PHASE_STRIP = NO;
				DEBUG_INFORMATION_FORMAT = dwarf;
				ENABLE_STRICT_OBJC_MSGSEND = YES;
				ENABLE_TESTABILITY = YES;
				GCC_C_LANGUAGE_STANDARD = gnu99;
				GCC_DYNAMIC_NO_PIC = NO;
				GCC_NO_COMMON_BLOCKS = YES;
				GCC_OPTIMIZATION_LEVEL = 0;
				GCC_PREPROCESSOR_DEFINITIONS = (
					"DEBUG=1",
					"$(inherited)",
				);
				GCC_WARN_64_TO_32_BIT_CONVERSION = YES;
				GCC_WARN_ABOUT_RETURN_TYPE = YES_ERROR;
				GCC_WARN_UNDECLARED_SELECTOR = YES;
				GCC_WARN_UNINITIALIZED_AUTOS = YES_AGGRESSIVE;
				GCC_WARN_UNUSED_FUNCTION = YES;
				GCC_WARN_UNUSED_VARIABLE = YES;
				IPHONEOS_DEPLOYMENT_TARGET = 9.3;
				MTL_ENABLE_DEBUG_INFO = YES;
				ONLY_ACTIVE_ARCH = YES;
				SDKROOT = iphoneos;
				SWIFT_OPTIMIZATION_LEVEL = "-Onone";
			};
			name = Debug;
		};
		15B926321D18901B00199E21 /* Release */ = {
			isa = XCBuildConfiguration;
			buildSettings = {
				ALWAYS_SEARCH_USER_PATHS = NO;
				CLANG_ANALYZER_NONNULL = YES;
				CLANG_CXX_LANGUAGE_STANDARD = "gnu++0x";
				CLANG_CXX_LIBRARY = "libc++";
				CLANG_ENABLE_MODULES = YES;
				CLANG_ENABLE_OBJC_ARC = YES;
				CLANG_WARN_BOOL_CONVERSION = YES;
				CLANG_WARN_CONSTANT_CONVERSION = YES;
				CLANG_WARN_DIRECT_OBJC_ISA_USAGE = YES_ERROR;
				CLANG_WARN_EMPTY_BODY = YES;
				CLANG_WARN_ENUM_CONVERSION = YES;
				CLANG_WARN_INT_CONVERSION = YES;
				CLANG_WARN_OBJC_ROOT_CLASS = YES_ERROR;
				CLANG_WARN_UNREACHABLE_CODE = YES;
				CLANG_WARN__DUPLICATE_METHOD_MATCH = YES;
				"CODE_SIGN_IDENTITY[sdk=iphoneos*]" = "iPhone Developer";
				COPY_PHASE_STRIP = NO;
				DEBUG_INFORMATION_FORMAT = "dwarf-with-dsym";
				ENABLE_NS_ASSERTIONS = NO;
				ENABLE_STRICT_OBJC_MSGSEND = YES;
				GCC_C_LANGUAGE_STANDARD = gnu99;
				GCC_NO_COMMON_BLOCKS = YES;
				GCC_WARN_64_TO_32_BIT_CONVERSION = YES;
				GCC_WARN_ABOUT_RETURN_TYPE = YES_ERROR;
				GCC_WARN_UNDECLARED_SELECTOR = YES;
				GCC_WARN_UNINITIALIZED_AUTOS = YES_AGGRESSIVE;
				GCC_WARN_UNUSED_FUNCTION = YES;
				GCC_WARN_UNUSED_VARIABLE = YES;
				IPHONEOS_DEPLOYMENT_TARGET = 9.3;
				MTL_ENABLE_DEBUG_INFO = NO;
				SDKROOT = iphoneos;
				VALIDATE_PRODUCT = YES;
			};
			name = Release;
		};
		15B926341D18901B00199E21 /* Debug */ = {
			isa = XCBuildConfiguration;
			baseConfigurationReference = 3A62F90F23084E64A3096586 /* Pods-InstaParse.debug.xcconfig */;
			buildSettings = {
				ASSETCATALOG_COMPILER_APPICON_NAME = AppIcon;
				INFOPLIST_FILE = InstaParse/Info.plist;
				LD_RUNPATH_SEARCH_PATHS = "$(inherited) @executable_path/Frameworks";
				PRODUCT_BUNDLE_IDENTIFIER = com.FBU.InstaParse;
				PRODUCT_NAME = "$(TARGET_NAME)";
			};
			name = Debug;
		};
		15B926351D18901B00199E21 /* Release */ = {
			isa = XCBuildConfiguration;
			baseConfigurationReference = DB479D5EA7F0178A5B491E3C /* Pods-InstaParse.release.xcconfig */;
			buildSettings = {
				ASSETCATALOG_COMPILER_APPICON_NAME = AppIcon;
				INFOPLIST_FILE = InstaParse/Info.plist;
				LD_RUNPATH_SEARCH_PATHS = "$(inherited) @executable_path/Frameworks";
				PRODUCT_BUNDLE_IDENTIFIER = com.FBU.InstaParse;
				PRODUCT_NAME = "$(TARGET_NAME)";
			};
			name = Release;
		};
/* End XCBuildConfiguration section */

/* Begin XCConfigurationList section */
		15B9261C1D18901B00199E21 /* Build configuration list for PBXProject "InstaParse" */ = {
			isa = XCConfigurationList;
			buildConfigurations = (
				15B926311D18901B00199E21 /* Debug */,
				15B926321D18901B00199E21 /* Release */,
			);
			defaultConfigurationIsVisible = 0;
			defaultConfigurationName = Release;
		};
		15B926331D18901B00199E21 /* Build configuration list for PBXNativeTarget "InstaParse" */ = {
			isa = XCConfigurationList;
			buildConfigurations = (
				15B926341D18901B00199E21 /* Debug */,
				15B926351D18901B00199E21 /* Release */,
			);
			defaultConfigurationIsVisible = 0;
			defaultConfigurationName = Release;
		};
/* End XCConfigurationList section */
	};
	rootObject = 15B926191D18901B00199E21 /* Project object */;
}
